
Microsoft Visual Studio Solution File, Format Version 12.00
# Visual Studio Version 17
VisualStudioVersion = 17.9.34728.123
MinimumVisualStudioVersion = 10.0.40219.1
Project("{9A19103F-16F7-4668-BE54-9A1E7A4F7556}") = "WebApiMISE", "WebApiMISE\WebApiMISE.csproj", "{6236059E-B735-4F61-A2C1-B37B0D1C2CB5}"
EndProject
Project("{FAE04EC0-301F-11D3-BF4B-00C04F79EFBC}") = "WrapperLibraryFramework.472", "WrapperLibraryFramework.472\WrapperLibraryFramework.472.csproj", "{D6D6D9DA-A9A7-4F63-B008-65837710E27E}"
EndProject
Global
	GlobalSection(SolutionConfigurationPlatforms) = preSolution
		Debug|Any CPU = Debug|Any CPU
		Release|Any CPU = Release|Any CPU
	EndGlobalSection
	GlobalSection(ProjectConfigurationPlatforms) = postSolution
		{6236059E-B735-4F61-A2C1-B37B0D1C2CB5}.Debug|Any CPU.ActiveCfg = Debug|Any CPU
		{6236059E-B735-4F61-A2C1-B37B0D1C2CB5}.Debug|Any CPU.Build.0 = Debug|Any CPU
		{6236059E-B735-4F61-A2C1-B37B0D1C2CB5}.Release|Any CPU.ActiveCfg = Release|Any CPU
		{6236059E-B735-4F61-A2C1-B37B0D1C2CB5}.Release|Any CPU.Build.0 = Release|Any CPU
		{D6D6D9DA-A9A7-4F63-B008-65837710E27E}.Debug|Any CPU.ActiveCfg = Debug|Any CPU
		{D6D6D9DA-A9A7-4F63-B008-65837710E27E}.Debug|Any CPU.Build.0 = Debug|Any CPU
		{D6D6D9DA-A9A7-4F63-B008-65837710E27E}.Release|Any CPU.ActiveCfg = Release|Any CPU
		{D6D6D9DA-A9A7-4F63-B008-65837710E27E}.Release|Any CPU.Build.0 = Release|Any CPU
	EndGlobalSection
	GlobalSection(SolutionProperties) = preSolution
		HideSolutionNode = FALSE
	EndGlobalSection
	GlobalSection(ExtensibilityGlobals) = postSolution
		SolutionGuid = {0FA19B81-057C-4555-A4DC-CE2E9158C8D0}
	EndGlobalSection
EndGlobal
